// !$*UTF8*$!
{
	archiveVersion = 1;
	classes = {
	};
	objectVersion = 77;
	objects = {

/* Begin PBXBuildFile section */
		88057C7F2FAC7ABA007034E2 /* JoyconMapping in Frameworks */ = {isa = PBXBuildFile; productRef = A10000012FAC700000000002 /* JoyconMapping */; };
		88057C802FAC7ABA007034E2 /* JoyconHID in Frameworks */ = {isa = PBXBuildFile; productRef = A10000012FAC700000000003 /* JoyconHID */; };
		88057C812FAC7ABA007034E2 /* MacInput in Frameworks */ = {isa = PBXBuildFile; productRef = A10000012FAC700000000004 /* MacInput */; };
/* End PBXBuildFile section */

/* Begin PBXContainerItemProxy section */
		88F55C0D2FAC657C007F0DB2 /* PBXContainerItemProxy */ = {
			isa = PBXContainerItemProxy;
			containerPortal = 88F55BF72FAC657A007F0DB2 /* Project object */;
			proxyType = 1;
			remoteGlobalIDString = 88F55BFE2FAC657A007F0DB2;
			remoteInfo = JoyconMapper;
		};
		88F55C172FAC657C007F0DB2 /* PBXContainerItemProxy */ = {
			isa = PBXContainerItemProxy;
			containerPortal = 88F55BF72FAC657A007F0DB2 /* Project object */;
			proxyType = 1;
			remoteGlobalIDString = 88F55BFE2FAC657A007F0DB2;
			remoteInfo = JoyconMapper;
		};
/* End PBXContainerItemProxy section */

/* Begin PBXFileReference section */
		88F55BFF2FAC657A007F0DB2 /* JoyconMapper.app */ = {isa = PBXFileReference; explicitFileType = wrapper.application; includeInIndex = 0; path = JoyconMapper.app; sourceTree = BUILT_PRODUCTS_DIR; };
		88F55C0C2FAC657C007F0DB2 /* JoyconMapperTests.xctest */ = {isa = PBXFileReference; explicitFileType = wrapper.cfbundle; includeInIndex = 0; path = JoyconMapperTests.xctest; sourceTree = BUILT_PRODUCTS_DIR; };
		88F55C162FAC657C007F0DB2 /* JoyconMapperUITests.xctest */ = {isa = PBXFileReference; explicitFileType = wrapper.cfbundle; includeInIndex = 0; path = JoyconMapperUITests.xctest; sourceTree = BUILT_PRODUCTS_DIR; };
/* End PBXFileReference section */

/* Begin PBXFileSystemSynchronizedRootGroup section */
		88F55C012FAC657A007F0DB2 /* JoyconMapper */ = {
			isa = PBXFileSystemSynchronizedRootGroup;
			path = JoyconMapper;
			sourceTree = "<group>";
		};
		88F55C0F2FAC657C007F0DB2 /* JoyconMapperTests */ = {
			isa = PBXFileSystemSynchronizedRootGroup;
			path = JoyconMapperTests;
			sourceTree = "<group>";
		};
		88F55C192FAC657C007F0DB2 /* JoyconMapperUITests */ = {
			isa = PBXFileSystemSynchronizedRootGroup;
			path = JoyconMapperUITests;
			sourceTree = "<group>";
		};
/* End PBXFileSystemSynchronizedRootGroup section */

/* Begin PBXFrameworksBuildPhase section */
		88F55BFC2FAC657A007F0DB2 /* Frameworks */ = {
			isa = PBXFrameworksBuildPhase;
			buildActionMask = 2147483647;
			files = (
				88057C812FAC7ABA007034E2 /* MacInput in Frameworks */,
				88057C802FAC7ABA007034E2 /* JoyconHID in Frameworks */,
				88057C7F2FAC7ABA007034E2 /* JoyconMapping in Frameworks */,
			);
			runOnlyForDeploymentPostprocessing = 0;
		};
		88F55C092FAC657C007F0DB2 /* Frameworks */ = {
			isa = PBXFrameworksBuildPhase;
			buildActionMask = 2147483647;
			files = (
			);
			runOnlyForDeploymentPostprocessing = 0;
		};
		88F55C132FAC657C007F0DB2 /* Frameworks */ = {
			isa = PBXFrameworksBuildPhase;
			buildActionMask = 2147483647;
			files = (
			);
			runOnlyForDeploymentPostprocessing = 0;
		};
/* End PBXFrameworksBuildPhase section */

/* Begin PBXGroup section */
		88F55BF62FAC657A007F0DB2 = {
			isa = PBXGroup;
			children = (
				88F55C012FAC657A007F0DB2 /* JoyconMapper */,
				88F55C0F2FAC657C007F0DB2 /* JoyconMapperTests */,
				88F55C192FAC657C007F0DB2 /* JoyconMapperUITests */,
				88F55C002FAC657A007F0DB2 /* Products */,
			);
			sourceTree = "<group>";
		};
		88F55C002FAC657A007F0DB2 /* Products */ = {
			isa = PBXGroup;
			children = (
				88F55BFF2FAC657A007F0DB2 /* JoyconMapper.app */,
				88F55C0C2FAC657C007F0DB2 /* JoyconMapperTests.xctest */,
				88F55C162FAC657C007F0DB2 /* JoyconMapperUITests.xctest */,
			);
			name = Products;
			sourceTree = "<group>";
		};
/* End PBXGroup section */

/* Begin PBXNativeTarget section */
		88F55BFE2FAC657A007F0DB2 /* JoyconMapper */ = {
			isa = PBXNativeTarget;
			buildConfigurationList = 88F55C202FAC657C007F0DB2 /* Build configuration list for PBXNativeTarget "JoyconMapper" */;
			buildPhases = (
				88F55BFB2FAC657A007F0DB2 /* Sources */,
				88F55BFC2FAC657A007F0DB2 /* Frameworks */,
				88F55BFD2FAC657A007F0DB2 /* Resources */,
			);
			buildRules = (
			);
			dependencies = (
			);
			fileSystemSynchronizedGroups = (
				88F55C012FAC657A007F0DB2 /* JoyconMapper */,
			);
			name = JoyconMapper;
			packageProductDependencies = (
				A10000012FAC700000000002 /* JoyconMapping */,
				A10000012FAC700000000003 /* JoyconHID */,
				A10000012FAC700000000004 /* MacInput */,
			);
			productName = JoyconMapper;
			productReference = 88F55BFF2FAC657A007F0DB2 /* JoyconMapper.app */;
			productType = "com.apple.product-type.application";
		};
		88F55C0B2FAC657C007F0DB2 /* JoyconMapperTests */ = {
			isa = PBXNativeTarget;
			buildConfigurationList = 88F55C232FAC657C007F0DB2 /* Build configuration list for PBXNativeTarget "JoyconMapperTests" */;
			buildPhases = (
				88F55C082FAC657C007F0DB2 /* Sources */,
				88F55C092FAC657C007F0DB2 /* Frameworks */,
				88F55C0A2FAC657C007F0DB2 /* Resources */,
			);
			buildRules = (
			);
			dependencies = (
				88F55C0E2FAC657C007F0DB2 /* PBXTargetDependency */,
			);
			fileSystemSynchronizedGroups = (
				88F55C0F2FAC657C007F0DB2 /* JoyconMapperTests */,
			);
			name = JoyconMapperTests;
			packageProductDependencies = (
			);
			productName = JoyconMapperTests;
			productReference = 88F55C0C2FAC657C007F0DB2 /* JoyconMapperTests.xctest */;
			productType = "com.apple.product-type.bundle.unit-test";
		};
		88F55C152FAC657C007F0DB2 /* JoyconMapperUITests */ = {
			isa = PBXNativeTarget;
			buildConfigurationList = 88F55C262FAC657C007F0DB2 /* Build configuration list for PBXNativeTarget "JoyconMapperUITests" */;
			buildPhases = (
				88F55C122FAC657C007F0DB2 /* Sources */,
				88F55C132FAC657C007F0DB2 /* Frameworks */,
				88F55C142FAC657C007F0DB2 /* Resources */,
			);
			buildRules = (
			);
			dependencies = (
				88F55C182FAC657C007F0DB2 /* PBXTargetDependency */,
			);
			fileSystemSynchronizedGroups = (
				88F55C192FAC657C007F0DB2 /* JoyconMapperUITests */,
			);
			name = JoyconMapperUITests;
			packageProductDependencies = (
			);
			productName = JoyconMapperUITests;
			productReference = 88F55C162FAC657C007F0DB2 /* JoyconMapperUITests.xctest */;
			productType = "com.apple.product-type.bundle.ui-testing";
		};
/* End PBXNativeTarget section */

/* Begin PBXProject section */
		88F55BF72FAC657A007F0DB2 /* Project object */ = {
			isa = PBXProject;
			attributes = {
				BuildIndependentTargetsInParallel = 1;
				LastSwiftUpdateCheck = 2650;
				LastUpgradeCheck = 2650;
				TargetAttributes = {
					88F55BFE2FAC657A007F0DB2 = {
						CreatedOnToolsVersion = 26.5;
					};
					88F55C0B2FAC657C007F0DB2 = {
						CreatedOnToolsVersion = 26.5;
						TestTargetID = 88F55BFE2FAC657A007F0DB2;
					};
					88F55C152FAC657C007F0DB2 = {
						CreatedOnToolsVersion = 26.5;
						TestTargetID = 88F55BFE2FAC657A007F0DB2;
					};
				};
			};
			buildConfigurationList = 88F55BFA2FAC657A007F0DB2 /* Build configuration list for PBXProject "JoyconMapper" */;
			developmentRegion = en;
			hasScannedForEncodings = 0;
			knownRegions = (
				en,
				ja,
				Base,
			);
			mainGroup = 88F55BF62FAC657A007F0DB2;
			minimizedProjectReferenceProxies = 1;
			packageReferences = (
				A10000012FAC700000000001 /* XCLocalSwiftPackageReference "Packages/JoyconCore" */,
			);
			preferredProjectObjectVersion = 77;
			productRefGroup = 88F55C002FAC657A007F0DB2 /* Products */;
			projectDirPath = "";
			projectRoot = "";
			targets = (
				88F55BFE2FAC657A007F0DB2 /* JoyconMapper */,
				88F55C0B2FAC657C007F0DB2 /* JoyconMapperTests */,
				88F55C152FAC657C007F0DB2 /* JoyconMapperUITests */,
			);
		};
/* End PBXProject section */

/* Begin PBXResourcesBuildPhase section */
		88F55BFD2FAC657A007F0DB2 /* Resources */ = {
			isa = PBXResourcesBuildPhase;
			buildActionMask = 2147483647;
			files = (
			);
			runOnlyForDeploymentPostprocessing = 0;
		};
		88F55C0A2FAC657C007F0DB2 /* Resources */ = {
			isa = PBXResourcesBuildPhase;
			buildActionMask = 2147483647;
			files = (
			);
			runOnlyForDeploymentPostprocessing = 0;
		};
		88F55C142FAC657C007F0DB2 /* Resources */ = {
			isa = PBXResourcesBuildPhase;
			buildActionMask = 2147483647;
			files = (
			);
			runOnlyForDeploymentPostprocessing = 0;
		};
/* End PBXResourcesBuildPhase section */

/* Begin PBXSourcesBuildPhase section */
		88F55BFB2FAC657A007F0DB2 /* Sources */ = {
			isa = PBXSourcesBuildPhase;
			buildActionMask = 2147483647;
			files = (
			);
			runOnlyForDeploymentPostprocessing = 0;
		};
		88F55C082FAC657C007F0DB2 /* Sources */ = {
			isa = PBXSourcesBuildPhase;
			buildActionMask = 2147483647;
			files = (
			);
			runOnlyForDeploymentPostprocessing = 0;
		};
		88F55C122FAC657C007F0DB2 /* Sources */ = {
			isa = PBXSourcesBuildPhase;
			buildActionMask = 2147483647;
			files = (
			);
			runOnlyForDeploymentPostprocessing = 0;
		};
/* End PBXSourcesBuildPhase section */

/* Begin PBXTargetDependency section */
		88F55C0E2FAC657C007F0DB2 /* PBXTargetDependency */ = {
			isa = PBXTargetDependency;
			target = 88F55BFE2FAC657A007F0DB2 /* JoyconMapper */;
			targetProxy = 88F55C0D2FAC657C007F0DB2 /* PBXContainerItemProxy */;
		};
		88F55C182FAC657C007F0DB2 /* PBXTargetDependency */ = {
			isa = PBXTargetDependency;
			target = 88F55BFE2FAC657A007F0DB2 /* JoyconMapper */;
			targetProxy = 88F55C172FAC657C007F0DB2 /* PBXContainerItemProxy */;
		};
/* End PBXTargetDependency section */

/* Begin XCBuildConfiguration section */
		88F55C1E2FAC657C007F0DB2 /* Debug */ = {
			isa = XCBuildConfiguration;
			buildSettings = {
				ALWAYS_SEARCH_USER_PATHS = NO;
				ASSETCATALOG_COMPILER_GENERATE_SWIFT_ASSET_SYMBOL_EXTENSIONS = YES;
				CLANG_ANALYZER_NONNULL = YES;
				CLANG_ANALYZER_NUMBER_OBJECT_CONVERSION = YES_AGGRESSIVE;
				CLANG_CXX_LANGUAGE_STANDARD = "gnu++20";
				CLANG_ENABLE_MODULES = YES;
				CLANG_ENABLE_OBJC_ARC = YES;
				CLANG_ENABLE_OBJC_WEAK = YES;
				CLANG_WARN_BLOCK_CAPTURE_AUTORELEASING = YES;
				CLANG_WARN_BOOL_CONVERSION = YES;
				CLANG_WARN_COMMA = YES;
				CLANG_WARN_CONSTANT_CONVERSION = YES;
				CLANG_WARN_DEPRECATED_OBJC_IMPLEMENTATIONS = YES;
				CLANG_WARN_DIRECT_OBJC_ISA_USAGE = YES_ERROR;
				CLANG_WARN_DOCUMENTATION_COMMENTS = YES;
				CLANG_WARN_EMPTY_BODY = YES;
				CLANG_WARN_ENUM_CONVERSION = YES;
				CLANG_WARN_INFINITE_RECURSION = YES;
				CLANG_WARN_INT_CONVERSION = YES;
				CLANG_WARN_NON_LITERAL_NULL_CONVERSION = YES;
				CLANG_WARN_OBJC_IMPLICIT_RETAIN_SELF = YES;
				CLANG_WARN_OBJC_LITERAL_CONVERSION = YES;
				CLANG_WARN_OBJC_ROOT_CLASS = YES_ERROR;
				CLANG_WARN_QUOTED_INCLUDE_IN_FRAMEWORK_HEADER = YES;
				CLANG_WARN_RANGE_LOOP_ANALYSIS = YES;
				CLANG_WARN_STRICT_PROTOTYPES = YES;
				CLANG_WARN_SUSPICIOUS_MOVE = YES;
				CLANG_WARN_UNGUARDED_AVAILABILITY = YES_AGGRESSIVE;
				CLANG_WARN_UNREACHABLE_CODE = YES;
				CLANG_WARN__DUPLICATE_METHOD_MATCH = YES;
				COPY_PHASE_STRIP = NO;
				DEBUG_INFORMATION_FORMAT = dwarf;
				DEVELOPMENT_TEAM = JFWN5K94GG;
				ENABLE_STRICT_OBJC_MSGSEND = YES;
				ENABLE_TESTABILITY = YES;
				ENABLE_USER_SCRIPT_SANDBOXING = YES;
				GCC_C_LANGUAGE_STANDARD = gnu17;
				GCC_DYNAMIC_NO_PIC = NO;
				GCC_NO_COMMON_BLOCKS = YES;
				GCC_OPTIMIZATION_LEVEL = 0;
				GCC_PREPROCESSOR_DEFINITIONS = (
					"DEBUG=1",
					"$(inherited)",
				);
				GCC_WARN_64_TO_32_BIT_CONVERSION = YES;
				GCC_WARN_ABOUT_RETURN_TYPE = YES_ERROR;
				GCC_WARN_UNDECLARED_SELECTOR = YES;
				GCC_WARN_UNINITIALIZED_AUTOS = YES_AGGRESSIVE;
				GCC_WARN_UNUSED_FUNCTION = YES;
				GCC_WARN_UNUSED_VARIABLE = YES;
				LOCALIZATION_PREFERS_STRING_CATALOGS = YES;
				MACOSX_DEPLOYMENT_TARGET = 26.0;
				MTL_ENABLE_DEBUG_INFO = INCLUDE_SOURCE;
				MTL_FAST_MATH = YES;
				ONLY_ACTIVE_ARCH = YES;
				SDKROOT = macosx;
				SWIFT_ACTIVE_COMPILATION_CONDITIONS = "DEBUG $(inherited)";
				SWIFT_OPTIMIZATION_LEVEL = "-Onone";
			};
			name = Debug;
		};
		88F55C1F2FAC657C007F0DB2 /* Release */ = {
			isa = XCBuildConfiguration;
			buildSettings = {
				ALWAYS_SEARCH_USER_PATHS = NO;
				ASSETCATALOG_COMPILER_GENERATE_SWIFT_ASSET_SYMBOL_EXTENSIONS = YES;
				CLANG_ANALYZER_NONNULL = YES;
				CLANG_ANALYZER_NUMBER_OBJECT_CONVERSION = YES_AGGRESSIVE;
				CLANG_CXX_LANGUAGE_STANDARD = "gnu++20";
				CLANG_ENABLE_MODULES = YES;
				CLANG_ENABLE_OBJC_ARC = YES;
				CLANG_ENABLE_OBJC_WEAK = YES;
				CLANG_WARN_BLOCK_CAPTURE_AUTORELEASING = YES;
				CLANG_WARN_BOOL_CONVERSION = YES;
				CLANG_WARN_COMMA = YES;
				CLANG_WARN_CONSTANT_CONVERSION = YES;
				CLANG_WARN_DEPRECATED_OBJC_IMPLEMENTATIONS = YES;
				CLANG_WARN_DIRECT_OBJC_ISA_USAGE = YES_ERROR;
				CLANG_WARN_DOCUMENTATION_COMMENTS = YES;
				CLANG_WARN_EMPTY_BODY = YES;
				CLANG_WARN_ENUM_CONVERSION = YES;
				CLANG_WARN_INFINITE_RECURSION = YES;
				CLANG_WARN_INT_CONVERSION = YES;
				CLANG_WARN_NON_LITERAL_NULL_CONVERSION = YES;
				CLANG_WARN_OBJC_IMPLICIT_RETAIN_SELF = YES;
				CLANG_WARN_OBJC_LITERAL_CONVERSION = YES;
				CLANG_WARN_OBJC_ROOT_CLASS = YES_ERROR;
				CLANG_WARN_QUOTED_INCLUDE_IN_FRAMEWORK_HEADER = YES;
				CLANG_WARN_RANGE_LOOP_ANALYSIS = YES;
				CLANG_WARN_STRICT_PROTOTYPES = YES;
				CLANG_WARN_SUSPICIOUS_MOVE = YES;
				CLANG_WARN_UNGUARDED_AVAILABILITY = YES_AGGRESSIVE;
				CLANG_WARN_UNREACHABLE_CODE = YES;
				CLANG_WARN__DUPLICATE_METHOD_MATCH = YES;
				COPY_PHASE_STRIP = NO;
				DEBUG_INFORMATION_FORMAT = "dwarf-with-dsym";
				DEVELOPMENT_TEAM = JFWN5K94GG;
				ENABLE_NS_ASSERTIONS = NO;
				ENABLE_STRICT_OBJC_MSGSEND = YES;
				ENABLE_USER_SCRIPT_SANDBOXING = YES;
				GCC_C_LANGUAGE_STANDARD = gnu17;
				GCC_NO_COMMON_BLOCKS = YES;
				GCC_WARN_64_TO_32_BIT_CONVERSION = YES;
				GCC_WARN_ABOUT_RETURN_TYPE = YES_ERROR;
				GCC_WARN_UNDECLARED_SELECTOR = YES;
				GCC_WARN_UNINITIALIZED_AUTOS = YES_AGGRESSIVE;
				GCC_WARN_UNUSED_FUNCTION = YES;
				GCC_WARN_UNUSED_VARIABLE = YES;
				LOCALIZATION_PREFERS_STRING_CATALOGS = YES;
				MACOSX_DEPLOYMENT_TARGET = 26.0;
				MTL_ENABLE_DEBUG_INFO = NO;
				MTL_FAST_MATH = YES;
				SDKROOT = macosx;
				SWIFT_COMPILATION_MODE = wholemodule;
			};
			name = Release;
		};
		88F55C212FAC657C007F0DB2 /* Debug */ = {
			isa = XCBuildConfiguration;
			buildSettings = {
				ASSETCATALOG_COMPILER_APPICON_NAME = AppIcon;
				ASSETCATALOG_COMPILER_GLOBAL_ACCENT_COLOR_NAME = AccentColor;
				"CODE_SIGN_IDENTITY[sdk=macosx*]" = "Apple Development";
				CODE_SIGN_STYLE = Automatic;
				COMBINE_HIDPI_IMAGES = YES;
				CURRENT_PROJECT_VERSION = 9;
				DEVELOPMENT_TEAM = JFWN5K94GG;
				ENABLE_APP_SANDBOX = NO;
				ENABLE_HARDENED_RUNTIME = YES;
				ENABLE_PREVIEWS = YES;
				ENABLE_USER_SELECTED_FILES = readonly;
				GENERATE_INFOPLIST_FILE = YES;
				INFOPLIST_KEY_LSApplicationCategoryType = "public.app-category.utilities";
				INFOPLIST_KEY_NSHumanReadableCopyright = "";
				LD_RUNPATH_SEARCH_PATHS = (
					"$(inherited)",
					"@executable_path/../Frameworks",
				);
				MARKETING_VERSION = 0.9.0;
				PRODUCT_BUNDLE_IDENTIFIER = "com.muramoto-co.JoyconMapper";
				PRODUCT_NAME = "$(TARGET_NAME)";
				REGISTER_APP_GROUPS = YES;
				STRING_CATALOG_GENERATE_SYMBOLS = YES;
				SWIFT_APPROACHABLE_CONCURRENCY = YES;
				SWIFT_DEFAULT_ACTOR_ISOLATION = MainActor;
				SWIFT_EMIT_LOC_STRINGS = YES;
				SWIFT_UPCOMING_FEATURE_MEMBER_IMPORT_VISIBILITY = YES;
				SWIFT_VERSION = 5.0;
			};
			name = Debug;
		};
		88F55C222FAC657C007F0DB2 /* Release */ = {
			isa = XCBuildConfiguration;
			buildSettings = {
				ASSETCATALOG_COMPILER_APPICON_NAME = AppIcon;
				ASSETCATALOG_COMPILER_GLOBAL_ACCENT_COLOR_NAME = AccentColor;
				"CODE_SIGN_IDENTITY[sdk=macosx*]" = "Apple Development";
				CODE_SIGN_STYLE = Automatic;
				COMBINE_HIDPI_IMAGES = YES;
				CURRENT_PROJECT_VERSION = 9;
				DEVELOPMENT_TEAM = JFWN5K94GG;
				ENABLE_APP_SANDBOX = NO;
				ENABLE_HARDENED_RUNTIME = YES;
				ENABLE_PREVIEWS = YES;
				ENABLE_USER_SELECTED_FILES = readonly;
				GENERATE_INFOPLIST_FILE = YES;
				INFOPLIST_KEY_LSApplicationCategoryType = "public.app-category.utilities";
				INFOPLIST_KEY_NSHumanReadableCopyright = "";
				LD_RUNPATH_SEARCH_PATHS = (
					"$(inherited)",
					"@executable_path/../Frameworks",
				);
				MARKETING_VERSION = 0.9.0;
				PRODUCT_BUNDLE_IDENTIFIER = "com.muramoto-co.JoyconMapper";
				PRODUCT_NAME = "$(TARGET_NAME)";
				REGISTER_APP_GROUPS = YES;
				STRING_CATALOG_GENERATE_SYMBOLS = YES;
				SWIFT_APPROACHABLE_CONCURRENCY = YES;
				SWIFT_DEFAULT_ACTOR_ISOLATION = MainActor;
				SWIFT_EMIT_LOC_STRINGS = YES;
				SWIFT_UPCOMING_FEATURE_MEMBER_IMPORT_VISIBILITY = YES;
				SWIFT_VERSION = 5.0;
			};
			name = Release;
		};
		88F55C242FAC657C007F0DB2 /* Debug */ = {
			isa = XCBuildConfiguration;
			buildSettings = {
				BUNDLE_LOADER = "$(TEST_HOST)";
				CODE_SIGN_STYLE = Automatic;
				CURRENT_PROJECT_VERSION = 9;
				DEVELOPMENT_TEAM = JFWN5K94GG;
				GENERATE_INFOPLIST_FILE = YES;
				MACOSX_DEPLOYMENT_TARGET = 26.0;
				MARKETING_VERSION = 0.9.0;
				PRODUCT_BUNDLE_IDENTIFIER = "com.muramoto-co.JoyconMapperTests";
				PRODUCT_NAME = "$(TARGET_NAME)";
				STRING_CATALOG_GENERATE_SYMBOLS = NO;
				SWIFT_APPROACHABLE_CONCURRENCY = YES;
				SWIFT_EMIT_LOC_STRINGS = NO;
				SWIFT_UPCOMING_FEATURE_MEMBER_IMPORT_VISIBILITY = YES;
				SWIFT_VERSION = 5.0;
				TEST_HOST = "$(BUILT_PRODUCTS_DIR)/JoyconMapper.app/$(BUNDLE_EXECUTABLE_FOLDER_PATH)/JoyconMapper";
			};
			name = Debug;
		};
		88F55C252FAC657C007F0DB2 /* Release */ = {
			isa = XCBuildConfiguration;
			buildSettings = {
				BUNDLE_LOADER = "$(TEST_HOST)";
				CODE_SIGN_STYLE = Automatic;
				CURRENT_PROJECT_VERSION = 9;
				DEVELOPMENT_TEAM = JFWN5K94GG;
				GENERATE_INFOPLIST_FILE = YES;
				MACOSX_DEPLOYMENT_TARGET = 26.0;
				MARKETING_VERSION = 0.9.0;
				PRODUCT_BUNDLE_IDENTIFIER = "com.muramoto-co.JoyconMapperTests";
				PRODUCT_NAME = "$(TARGET_NAME)";
				STRING_CATALOG_GENERATE_SYMBOLS = NO;
				SWIFT_APPROACHABLE_CONCURRENCY = YES;
				SWIFT_EMIT_LOC_STRINGS = NO;
				SWIFT_UPCOMING_FEATURE_MEMBER_IMPORT_VISIBILITY = YES;
				SWIFT_VERSION = 5.0;
				TEST_HOST = "$(BUILT_PRODUCTS_DIR)/JoyconMapper.app/$(BUNDLE_EXECUTABLE_FOLDER_PATH)/JoyconMapper";
			};
			name = Release;
		};
		88F55C272FAC657C007F0DB2 /* Debug */ = {
			isa = XCBuildConfiguration;
			buildSettings = {
				CODE_SIGN_STYLE = Automatic;
				CURRENT_PROJECT_VERSION = 9;
				DEVELOPMENT_TEAM = JFWN5K94GG;
				GENERATE_INFOPLIST_FILE = YES;
				MARKETING_VERSION = 0.9.0;
				PRODUCT_BUNDLE_IDENTIFIER = "com.muramoto-co.JoyconMapperUITests";
				PRODUCT_NAME = "$(TARGET_NAME)";
				STRING_CATALOG_GENERATE_SYMBOLS = NO;
				SWIFT_APPROACHABLE_CONCURRENCY = YES;
				SWIFT_EMIT_LOC_STRINGS = NO;
				SWIFT_UPCOMING_FEATURE_MEMBER_IMPORT_VISIBILITY = YES;
				SWIFT_VERSION = 5.0;
				TEST_TARGET_NAME = JoyconMapper;
			};
			name = Debug;
		};
		88F55C282FAC657C007F0DB2 /* Release */ = {
			isa = XCBuildConfiguration;
			buildSettings = {
				CODE_SIGN_STYLE = Automatic;
				CURRENT_PROJECT_VERSION = 9;
				DEVELOPMENT_TEAM = JFWN5K94GG;
				GENERATE_INFOPLIST_FILE = YES;
				MARKETING_VERSION = 0.9.0;
				PRODUCT_BUNDLE_IDENTIFIER = "com.muramoto-co.JoyconMapperUITests";
				PRODUCT_NAME = "$(TARGET_NAME)";
				STRING_CATALOG_GENERATE_SYMBOLS = NO;
				SWIFT_APPROACHABLE_CONCURRENCY = YES;
				SWIFT_EMIT_LOC_STRINGS = NO;
				SWIFT_UPCOMING_FEATURE_MEMBER_IMPORT_VISIBILITY = YES;
				SWIFT_VERSION = 5.0;
				TEST_TARGET_NAME = JoyconMapper;
			};
			name = Release;
		};
/* End XCBuildConfiguration section */

/* Begin XCConfigurationList section */
		88F55BFA2FAC657A007F0DB2 /* Build configuration list for PBXProject "JoyconMapper" */ = {
			isa = XCConfigurationList;
			buildConfigurations = (
				88F55C1E2FAC657C007F0DB2 /* Debug */,
				88F55C1F2FAC657C007F0DB2 /* Release */,
			);
			defaultConfigurationIsVisible = 0;
			defaultConfigurationName = Release;
		};
		88F55C202FAC657C007F0DB2 /* Build configuration list for PBXNativeTarget "JoyconMapper" */ = {
			isa = XCConfigurationList;
			buildConfigurations = (
				88F55C212FAC657C007F0DB2 /* Debug */,
				88F55C222FAC657C007F0DB2 /* Release */,
			);
			defaultConfigurationIsVisible = 0;
			defaultConfigurationName = Release;
		};
		88F55C232FAC657C007F0DB2 /* Build configuration list for PBXNativeTarget "JoyconMapperTests" */ = {
			isa = XCConfigurationList;
			buildConfigurations = (
				88F55C242FAC657C007F0DB2 /* Debug */,
				88F55C252FAC657C007F0DB2 /* Release */,
			);
			defaultConfigurationIsVisible = 0;
			defaultConfigurationName = Release;
		};
		88F55C262FAC657C007F0DB2 /* Build configuration list for PBXNativeTarget "JoyconMapperUITests" */ = {
			isa = XCConfigurationList;
			buildConfigurations = (
				88F55C272FAC657C007F0DB2 /* Debug */,
				88F55C282FAC657C007F0DB2 /* Release */,
			);
			defaultConfigurationIsVisible = 0;
			defaultConfigurationName = Release;
		};
/* End XCConfigurationList section */

/* Begin XCLocalSwiftPackageReference section */
		A10000012FAC700000000001 /* XCLocalSwiftPackageReference "Packages/JoyconCore" */ = {
			isa = XCLocalSwiftPackageReference;
			relativePath = Packages/JoyconCore;
		};
/* End XCLocalSwiftPackageReference section */

/* Begin XCSwiftPackageProductDependency section */
		A10000012FAC700000000002 /* JoyconMapping */ = {
			isa = XCSwiftPackageProductDependency;
			productName = JoyconMapping;
		};
		A10000012FAC700000000003 /* JoyconHID */ = {
			isa = XCSwiftPackageProductDependency;
			productName = JoyconHID;
		};
		A10000012FAC700000000004 /* MacInput */ = {
			isa = XCSwiftPackageProductDependency;
			productName = MacInput;
		};
/* End XCSwiftPackageProductDependency section */
	};
	rootObject = 88F55BF72FAC657A007F0DB2 /* Project object */;
}
